schema: '2.0'
stages:
  get_data:
    cmd: python3 src/get_data.py
    deps:
    - path: src/get_data.py
      hash: md5
      md5: ff6eaa4ce2a63eeea778c0334d7075b2
      size: 1027
    params:
      params.yaml:
        get_data.output_path: data/raw
    outs:
    - path: data/raw
      hash: md5
      md5: 81d752856e2412f55c363df19061d122.dir
      size: 170060109419
      nfiles: 367
  cleaning:
    cmd: python3 src/cleaning.py
    deps:
    - path: data/raw
      hash: md5
      md5: 81d752856e2412f55c363df19061d122.dir
      size: 170060109419
      nfiles: 367
    - path: src/cleaning.py
      hash: md5
      md5: 66ce8bb21636103da959d0213acec8e9
      size: 5813
    params:
      params.yaml:
        cleaning.input_path: data/raw
        cleaning.output_path: data/interim/clean_tracks
    outs:
    - path: data/interim/clean_tracks
      hash: md5
      md5: aca72256b5a6fb382bd4a305b1bd2fde.dir
      size: 98217631261
      nfiles: 364
  aggregate_tracks:
    cmd: python3 src/aggregate_tracks.py
    deps:
    - path: data/interim/clean_tracks
      hash: md5
      md5: aca72256b5a6fb382bd4a305b1bd2fde.dir
      size: 98217631261
      nfiles: 364
    - path: src/aggregate_tracks.py
      hash: md5
      md5: f4f63623cb981eb335cf018ab5a1329a
      size: 2259
    params:
      params.yaml:
        aggregate_tracks.input_path: data/interim/clean_tracks
        aggregate_tracks.output_path: data/interim/aggregate_tracks
    outs:
    - path: data/interim/aggregate_tracks
      hash: md5
      md5: d1142dee983bc4d212755747976c7143.dir
      size: 12959333
      nfiles: 364
